
Microsoft Visual Studio Solution File, Format Version 12.00
Project("{FAE04EC0-301F-11D3-BF4B-00C04F79EFBC}") = "CarSparePartStore", "CarSparePartStore\CarSparePartStore.csproj", "{A57F8271-E1C9-4DBA-AA22-3D231E7D99BA}"
EndProject
Project("{FAE04EC0-301F-11D3-BF4B-00C04F79EFBC}") = "CarSparePartService", "CarSparePartService\CarSparePartService.csproj", "{CDBE50EA-6D90-43EA-BF4F-0331AAA2DBFE}"
EndProject
Project("{FAE04EC0-301F-11D3-BF4B-00C04F79EFBC}") = "OnlineStoreEmulator", "OnlineStoreEmulator\OnlineStoreEmulator.csproj", "{36BCF8EF-1C04-4BBC-8B6F-E5A54616F201}"
EndProject
Project("{FAE04EC0-301F-11D3-BF4B-00C04F79EFBC}") = "OnlineStoreEmulatorUnitTests", "OnlineStoreEmulatorUnitTests\OnlineStoreEmulatorUnitTests.csproj", "{9F3A5B92-E78E-4036-98D5-DAAC0AA221A5}"
EndProject
Project("{2150E333-8FDC-42A3-9474-1A3956D46DE8}") = "Services", "Services", "{DCF61BB9-22CF-4B74-8E55-05A942AD0A6D}"
EndProject
Project("{FAE04EC0-301F-11D3-BF4B-00C04F79EFBC}") = "CustomerServiceUnitTests", "CustomerServiceUnitTests\CustomerServiceUnitTests.csproj", "{3685F2CC-7390-4F84-895A-3DBA19470BEB}"
EndProject
Project("{FAE04EC0-301F-11D3-BF4B-00C04F79EFBC}") = "CarSparePartServiceUnitTests", "CarSparePartServiceUnitTests\CarSparePartServiceUnitTests.csproj", "{0A8E8205-DB08-4A88-81FF-080AE7A711AD}"
EndProject
Project("{2150E333-8FDC-42A3-9474-1A3956D46DE8}") = "Tests", "Tests", "{5DBE9FB3-5EBB-4B46-BADA-635E60F1FA4D}"
EndProject
Project("{FAE04EC0-301F-11D3-BF4B-00C04F79EFBC}") = "TestServicesConfigurator", "TestServicesConfigurator\TestServicesConfigurator.csproj", "{FDF8269F-E428-4D99-80E3-29A3FB81531C}"
EndProject
Project("{FAE04EC0-301F-11D3-BF4B-00C04F79EFBC}") = "CarSparePartStoreUnitTests", "CarSparePartStoreUnitTests\CarSparePartStoreUnitTests.csproj", "{1B17CCCD-FEB7-4E11-9E62-4419B296CACF}"
EndProject
Global
	GlobalSection(SolutionConfigurationPlatforms) = preSolution
		Debug|Any CPU = Debug|Any CPU
		Release|Any CPU = Release|Any CPU
	EndGlobalSection
	GlobalSection(ProjectConfigurationPlatforms) = postSolution
		{A57F8271-E1C9-4DBA-AA22-3D231E7D99BA}.Debug|Any CPU.ActiveCfg = Debug|Any CPU
		{A57F8271-E1C9-4DBA-AA22-3D231E7D99BA}.Debug|Any CPU.Build.0 = Debug|Any CPU
		{A57F8271-E1C9-4DBA-AA22-3D231E7D99BA}.Release|Any CPU.ActiveCfg = Release|Any CPU
		{A57F8271-E1C9-4DBA-AA22-3D231E7D99BA}.Release|Any CPU.Build.0 = Release|Any CPU
		{CDBE50EA-6D90-43EA-BF4F-0331AAA2DBFE}.Debug|Any CPU.ActiveCfg = Debug|Any CPU
		{CDBE50EA-6D90-43EA-BF4F-0331AAA2DBFE}.Debug|Any CPU.Build.0 = Debug|Any CPU
		{CDBE50EA-6D90-43EA-BF4F-0331AAA2DBFE}.Release|Any CPU.ActiveCfg = Release|Any CPU
		{CDBE50EA-6D90-43EA-BF4F-0331AAA2DBFE}.Release|Any CPU.Build.0 = Release|Any CPU
		{36BCF8EF-1C04-4BBC-8B6F-E5A54616F201}.Debug|Any CPU.ActiveCfg = Debug|Any CPU
		{36BCF8EF-1C04-4BBC-8B6F-E5A54616F201}.Debug|Any CPU.Build.0 = Debug|Any CPU
		{36BCF8EF-1C04-4BBC-8B6F-E5A54616F201}.Release|Any CPU.ActiveCfg = Release|Any CPU
		{36BCF8EF-1C04-4BBC-8B6F-E5A54616F201}.Release|Any CPU.Build.0 = Release|Any CPU
		{9F3A5B92-E78E-4036-98D5-DAAC0AA221A5}.Debug|Any CPU.ActiveCfg = Debug|Any CPU
		{9F3A5B92-E78E-4036-98D5-DAAC0AA221A5}.Debug|Any CPU.Build.0 = Debug|Any CPU
		{9F3A5B92-E78E-4036-98D5-DAAC0AA221A5}.Release|Any CPU.ActiveCfg = Release|Any CPU
		{9F3A5B92-E78E-4036-98D5-DAAC0AA221A5}.Release|Any CPU.Build.0 = Release|Any CPU
		{3685F2CC-7390-4F84-895A-3DBA19470BEB}.Debug|Any CPU.ActiveCfg = Debug|Any CPU
		{3685F2CC-7390-4F84-895A-3DBA19470BEB}.Debug|Any CPU.Build.0 = Debug|Any CPU
		{3685F2CC-7390-4F84-895A-3DBA19470BEB}.Release|Any CPU.ActiveCfg = Release|Any CPU
		{3685F2CC-7390-4F84-895A-3DBA19470BEB}.Release|Any CPU.Build.0 = Release|Any CPU
		{0A8E8205-DB08-4A88-81FF-080AE7A711AD}.Debug|Any CPU.ActiveCfg = Debug|Any CPU
		{0A8E8205-DB08-4A88-81FF-080AE7A711AD}.Debug|Any CPU.Build.0 = Debug|Any CPU
		{0A8E8205-DB08-4A88-81FF-080AE7A711AD}.Release|Any CPU.ActiveCfg = Release|Any CPU
		{0A8E8205-DB08-4A88-81FF-080AE7A711AD}.Release|Any CPU.Build.0 = Release|Any CPU
		{FDF8269F-E428-4D99-80E3-29A3FB81531C}.Debug|Any CPU.ActiveCfg = Debug|Any CPU
		{FDF8269F-E428-4D99-80E3-29A3FB81531C}.Debug|Any CPU.Build.0 = Debug|Any CPU
		{FDF8269F-E428-4D99-80E3-29A3FB81531C}.Release|Any CPU.ActiveCfg = Release|Any CPU
		{FDF8269F-E428-4D99-80E3-29A3FB81531C}.Release|Any CPU.Build.0 = Release|Any CPU
		{1B17CCCD-FEB7-4E11-9E62-4419B296CACF}.Debug|Any CPU.ActiveCfg = Debug|Any CPU
		{1B17CCCD-FEB7-4E11-9E62-4419B296CACF}.Debug|Any CPU.Build.0 = Debug|Any CPU
		{1B17CCCD-FEB7-4E11-9E62-4419B296CACF}.Release|Any CPU.ActiveCfg = Release|Any CPU
		{1B17CCCD-FEB7-4E11-9E62-4419B296CACF}.Release|Any CPU.Build.0 = Release|Any CPU
	EndGlobalSection
	GlobalSection(NestedProjects) = preSolution
		{CDBE50EA-6D90-43EA-BF4F-0331AAA2DBFE} = {DCF61BB9-22CF-4B74-8E55-05A942AD0A6D}
		{0A8E8205-DB08-4A88-81FF-080AE7A711AD} = {5DBE9FB3-5EBB-4B46-BADA-635E60F1FA4D}
		{3685F2CC-7390-4F84-895A-3DBA19470BEB} = {5DBE9FB3-5EBB-4B46-BADA-635E60F1FA4D}
		{9F3A5B92-E78E-4036-98D5-DAAC0AA221A5} = {5DBE9FB3-5EBB-4B46-BADA-635E60F1FA4D}
		{FDF8269F-E428-4D99-80E3-29A3FB81531C} = {5DBE9FB3-5EBB-4B46-BADA-635E60F1FA4D}
		{1B17CCCD-FEB7-4E11-9E62-4419B296CACF} = {5DBE9FB3-5EBB-4B46-BADA-635E60F1FA4D}
	EndGlobalSection
EndGlobal
